
Microsoft Visual Studio Solution File, Format Version 12.00
# Visual Studio Version 16
VisualStudioVersion = 16.0.32802.440
MinimumVisualStudioVersion = 10.0.40219.1
Project("{2150E333-8FDC-42A3-9474-1A3956D46DE8}") = "Services", "Services", "{89C4D280-F497-450A-8B79-B2FBD62A862C}"
EndProject
Project("{2150E333-8FDC-42A3-9474-1A3956D46DE8}") = "Catalog", "Catalog", "{42DF9D4B-C8C1-4EE8-AEF5-E5AEB403CC5D}"
EndProject
Project("{9A19103F-16F7-4668-BE54-9A1E7A4F7556}") = "Catalog.API", "Services\Catalog\Catalog.API\Catalog.API.csproj", "{BE849433-4F5E-4C56-A879-77E19A379D6C}"
EndProject
Project("{E53339B2-1760-4266-BCC7-CA923CBCF16C}") = "docker-compose", "docker-compose.dcproj", "{78DF52B5-BB09-45B1-A127-AE6D2F393923}"
EndProject
Global
	GlobalSection(SolutionConfigurationPlatforms) = preSolution
		Debug|Any CPU = Debug|Any CPU
		Release|Any CPU = Release|Any CPU
	EndGlobalSection
	GlobalSection(ProjectConfigurationPlatforms) = postSolution
		{BE849433-4F5E-4C56-A879-77E19A379D6C}.Debug|Any CPU.ActiveCfg = Debug|Any CPU
		{BE849433-4F5E-4C56-A879-77E19A379D6C}.Debug|Any CPU.Build.0 = Debug|Any CPU
		{BE849433-4F5E-4C56-A879-77E19A379D6C}.Release|Any CPU.ActiveCfg = Release|Any CPU
		{BE849433-4F5E-4C56-A879-77E19A379D6C}.Release|Any CPU.Build.0 = Release|Any CPU
		{78DF52B5-BB09-45B1-A127-AE6D2F393923}.Debug|Any CPU.ActiveCfg = Debug|Any CPU
		{78DF52B5-BB09-45B1-A127-AE6D2F393923}.Debug|Any CPU.Build.0 = Debug|Any CPU
		{78DF52B5-BB09-45B1-A127-AE6D2F393923}.Release|Any CPU.ActiveCfg = Release|Any CPU
		{78DF52B5-BB09-45B1-A127-AE6D2F393923}.Release|Any CPU.Build.0 = Release|Any CPU
	EndGlobalSection
	GlobalSection(SolutionProperties) = preSolution
		HideSolutionNode = FALSE
	EndGlobalSection
	GlobalSection(NestedProjects) = preSolution
		{42DF9D4B-C8C1-4EE8-AEF5-E5AEB403CC5D} = {89C4D280-F497-450A-8B79-B2FBD62A862C}
		{BE849433-4F5E-4C56-A879-77E19A379D6C} = {42DF9D4B-C8C1-4EE8-AEF5-E5AEB403CC5D}
	EndGlobalSection
	GlobalSection(ExtensibilityGlobals) = postSolution
		SolutionGuid = {3AF68655-272F-4961-B02C-47170A601E33}
	EndGlobalSection
EndGlobal
